
Microsoft Visual Studio Solution File, Format Version 12.00
# Visual Studio 14
VisualStudioVersion = 14.0.25420.1
MinimumVisualStudioVersion = 10.0.40219.1
Project("{FAE04EC0-301F-11D3-BF4B-00C04F79EFBC}") = "STAR.Web", "STAR.Web\STAR.Web.csproj", "{160BB396-631F-4FE2-B7C6-82860559EEE0}"
EndProject
Project("{2150E333-8FDC-42A3-9474-1A3956D46DE8}") = "Solution Items", "Solution Items", "{37EBB1C6-3DF0-41F4-8D05-942630B87209}"
	ProjectSection(SolutionItems) = preProject
		readme.md = readme.md
	EndProjectSection
EndProject
Project("{FAE04EC0-301F-11D3-BF4B-00C04F79EFBC}") = "STAR.Data", "STAR.Data\STAR.Data.csproj", "{48212B22-AE1C-4C7E-81B4-3C5DE23B0744}"
EndProject
Project("{FAE04EC0-301F-11D3-BF4B-00C04F79EFBC}") = "STAR.Domain", "STAR.Domain\STAR.Domain.csproj", "{2EE42C3B-9EBD-4DA0-AD30-7AEE9A1E0545}"
EndProject
Project("{FAE04EC0-301F-11D3-BF4B-00C04F79EFBC}") = "STAR.Web.Tests", "STAR.Web.Tests\STAR.Web.Tests.csproj", "{39AC4323-EBDB-4A87-B4D2-84799526A98D}"
EndProject
Project("{FAE04EC0-301F-11D3-BF4B-00C04F79EFBC}") = "Extensions", "ClassLibrary1\Extensions.csproj", "{3798B666-CBBC-42B5-A69A-184E0E0820B1}"
EndProject
Global
	GlobalSection(SolutionConfigurationPlatforms) = preSolution
		Debug|Any CPU = Debug|Any CPU
		Release|Any CPU = Release|Any CPU
	EndGlobalSection
	GlobalSection(ProjectConfigurationPlatforms) = postSolution
		{160BB396-631F-4FE2-B7C6-82860559EEE0}.Debug|Any CPU.ActiveCfg = Debug|Any CPU
		{160BB396-631F-4FE2-B7C6-82860559EEE0}.Debug|Any CPU.Build.0 = Debug|Any CPU
		{160BB396-631F-4FE2-B7C6-82860559EEE0}.Release|Any CPU.ActiveCfg = Release|Any CPU
		{160BB396-631F-4FE2-B7C6-82860559EEE0}.Release|Any CPU.Build.0 = Release|Any CPU
		{48212B22-AE1C-4C7E-81B4-3C5DE23B0744}.Debug|Any CPU.ActiveCfg = Debug|Any CPU
		{48212B22-AE1C-4C7E-81B4-3C5DE23B0744}.Debug|Any CPU.Build.0 = Debug|Any CPU
		{48212B22-AE1C-4C7E-81B4-3C5DE23B0744}.Release|Any CPU.ActiveCfg = Release|Any CPU
		{48212B22-AE1C-4C7E-81B4-3C5DE23B0744}.Release|Any CPU.Build.0 = Release|Any CPU
		{2EE42C3B-9EBD-4DA0-AD30-7AEE9A1E0545}.Debug|Any CPU.ActiveCfg = Debug|Any CPU
		{2EE42C3B-9EBD-4DA0-AD30-7AEE9A1E0545}.Debug|Any CPU.Build.0 = Debug|Any CPU
		{2EE42C3B-9EBD-4DA0-AD30-7AEE9A1E0545}.Release|Any CPU.ActiveCfg = Release|Any CPU
		{2EE42C3B-9EBD-4DA0-AD30-7AEE9A1E0545}.Release|Any CPU.Build.0 = Release|Any CPU
		{39AC4323-EBDB-4A87-B4D2-84799526A98D}.Debug|Any CPU.ActiveCfg = Debug|Any CPU
		{39AC4323-EBDB-4A87-B4D2-84799526A98D}.Debug|Any CPU.Build.0 = Debug|Any CPU
		{39AC4323-EBDB-4A87-B4D2-84799526A98D}.Release|Any CPU.ActiveCfg = Release|Any CPU
		{39AC4323-EBDB-4A87-B4D2-84799526A98D}.Release|Any CPU.Build.0 = Release|Any CPU
		{3798B666-CBBC-42B5-A69A-184E0E0820B1}.Debug|Any CPU.ActiveCfg = Debug|Any CPU
		{3798B666-CBBC-42B5-A69A-184E0E0820B1}.Debug|Any CPU.Build.0 = Debug|Any CPU
		{3798B666-CBBC-42B5-A69A-184E0E0820B1}.Release|Any CPU.ActiveCfg = Release|Any CPU
		{3798B666-CBBC-42B5-A69A-184E0E0820B1}.Release|Any CPU.Build.0 = Release|Any CPU
	EndGlobalSection
	GlobalSection(SolutionProperties) = preSolution
		HideSolutionNode = FALSE
	EndGlobalSection
EndGlobal
